
Microsoft Visual Studio Solution File, Format Version 12.00
# Visual Studio Version 16
VisualStudioVersion = 16.0.30320.27
MinimumVisualStudioVersion = 10.0.40219.1
Project("{9A19103F-16F7-4668-BE54-9A1E7A4F7556}") = "ProductCategoryServiceClient", "ProductCategoryServiceClient\ProductCategoryServiceClient.csproj", "{FFD9B1AF-EB61-4F25-9C10-A1A9730FA997}"
EndProject
Project("{9A19103F-16F7-4668-BE54-9A1E7A4F7556}") = "ProductCategoryService", "ProductCategoryService\ProductCategoryService.csproj", "{DF37E073-96A6-44B5-970B-1B460DDD2821}"
EndProject
Project("{FAE04EC0-301F-11D3-BF4B-00C04F79EFBC}") = "ProductCategoryTests", "ProductCategoryTests\ProductCategoryTests.csproj", "{3E216904-831B-4A63-A185-E53580D8D314}"
EndProject
Global
	GlobalSection(SolutionConfigurationPlatforms) = preSolution
		Debug|Any CPU = Debug|Any CPU
		Release|Any CPU = Release|Any CPU
	EndGlobalSection
	GlobalSection(ProjectConfigurationPlatforms) = postSolution
		{FFD9B1AF-EB61-4F25-9C10-A1A9730FA997}.Debug|Any CPU.ActiveCfg = Debug|Any CPU
		{FFD9B1AF-EB61-4F25-9C10-A1A9730FA997}.Debug|Any CPU.Build.0 = Debug|Any CPU
		{FFD9B1AF-EB61-4F25-9C10-A1A9730FA997}.Release|Any CPU.ActiveCfg = Release|Any CPU
		{FFD9B1AF-EB61-4F25-9C10-A1A9730FA997}.Release|Any CPU.Build.0 = Release|Any CPU
		{DF37E073-96A6-44B5-970B-1B460DDD2821}.Debug|Any CPU.ActiveCfg = Debug|Any CPU
		{DF37E073-96A6-44B5-970B-1B460DDD2821}.Debug|Any CPU.Build.0 = Debug|Any CPU
		{DF37E073-96A6-44B5-970B-1B460DDD2821}.Release|Any CPU.ActiveCfg = Release|Any CPU
		{DF37E073-96A6-44B5-970B-1B460DDD2821}.Release|Any CPU.Build.0 = Release|Any CPU
		{3E216904-831B-4A63-A185-E53580D8D314}.Debug|Any CPU.ActiveCfg = Debug|Any CPU
		{3E216904-831B-4A63-A185-E53580D8D314}.Debug|Any CPU.Build.0 = Debug|Any CPU
		{3E216904-831B-4A63-A185-E53580D8D314}.Release|Any CPU.ActiveCfg = Release|Any CPU
		{3E216904-831B-4A63-A185-E53580D8D314}.Release|Any CPU.Build.0 = Release|Any CPU
	EndGlobalSection
	GlobalSection(SolutionProperties) = preSolution
		HideSolutionNode = FALSE
	EndGlobalSection
	GlobalSection(ExtensibilityGlobals) = postSolution
		SolutionGuid = {BAE8B590-09D8-48B5-AAC3-A9735D506531}
	EndGlobalSection
EndGlobal
